Microsoft Visual Studio Solution File, Format Version 12.00
# Visual Studio Version 17
VisualStudioVersion = 17.5.2.0
MinimumVisualStudioVersion = 10.0.40219.1
Project("{FAE04EC0-301F-11D3-BF4B-00C04F79EFBC}") = "prog1-wpf-TE23E-Korepov-Daria", "prog1-wpf-TE23E-Korepov-Daria.csproj", "{9B10C320-63A9-E76E-00FA-C6922A73528A}"
EndProject
Global
	GlobalSection(SolutionConfigurationPlatforms) = preSolution
		Debug|Any CPU = Debug|Any CPU
		Release|Any CPU = Release|Any CPU
	EndGlobalSection
	GlobalSection(ProjectConfigurationPlatforms) = postSolution
		{9B10C320-63A9-E76E-00FA-C6922A73528A}.Debug|Any CPU.ActiveCfg = Debug|Any CPU
		{9B10C320-63A9-E76E-00FA-C6922A73528A}.Debug|Any CPU.Build.0 = Debug|Any CPU
		{9B10C320-63A9-E76E-00FA-C6922A73528A}.Release|Any CPU.ActiveCfg = Release|Any CPU
		{9B10C320-63A9-E76E-00FA-C6922A73528A}.Release|Any CPU.Build.0 = Release|Any CPU
	EndGlobalSection
	GlobalSection(SolutionProperties) = preSolution
		HideSolutionNode = FALSE
	EndGlobalSection
	GlobalSection(ExtensibilityGlobals) = postSolution
		SolutionGuid = {C2FFBABE-BF68-4116-9E0F-13DA59EEE3FA}
	EndGlobalSection
EndGlobal
